
Microsoft Visual Studio Solution File, Format Version 12.00
# Visual Studio 15
VisualStudioVersion = 15.0.26730.16
MinimumVisualStudioVersion = 10.0.40219.1
Project("{8BC9CEB8-8B4A-11D0-8D11-00A0C91BC942}") = "Матричный комплекс", "Матричный комплекс\Матричный комплекс.vcxproj", "{89C76425-4C79-497D-BAE9-7F52E8A2CF65}"
EndProject
Global
	GlobalSection(SolutionConfigurationPlatforms) = preSolution
		Debug|x64 = Debug|x64
		Debug|x86 = Debug|x86
		Release|x64 = Release|x64
		Release|x86 = Release|x86
	EndGlobalSection
	GlobalSection(ProjectConfigurationPlatforms) = postSolution
		{89C76425-4C79-497D-BAE9-7F52E8A2CF65}.Debug|x64.ActiveCfg = Debug|x64
		{89C76425-4C79-497D-BAE9-7F52E8A2CF65}.Debug|x64.Build.0 = Debug|x64
		{89C76425-4C79-497D-BAE9-7F52E8A2CF65}.Debug|x86.ActiveCfg = Debug|Win32
		{89C76425-4C79-497D-BAE9-7F52E8A2CF65}.Debug|x86.Build.0 = Debug|Win32
		{89C76425-4C79-497D-BAE9-7F52E8A2CF65}.Release|x64.ActiveCfg = Release|x64
		{89C76425-4C79-497D-BAE9-7F52E8A2CF65}.Release|x64.Build.0 = Release|x64
		{89C76425-4C79-497D-BAE9-7F52E8A2CF65}.Release|x86.ActiveCfg = Release|Win32
		{89C76425-4C79-497D-BAE9-7F52E8A2CF65}.Release|x86.Build.0 = Release|Win32
	EndGlobalSection
	GlobalSection(SolutionProperties) = preSolution
		HideSolutionNode = FALSE
	EndGlobalSection
	GlobalSection(ExtensibilityGlobals) = postSolution
		SolutionGuid = {DEF130D5-9F11-46C3-BC9F-ECE1685E809C}
	EndGlobalSection
EndGlobal
